<?xml version="1.0" encoding="UTF-8" standalone="yes" ?>
<CodeBlocks_project_file>
	<FileVersion major="1" minor="6" />
	<Project>
		<Option title="NOA (jogo de adivinhação)" />
		<Option pch_mode="2" />
		<Option compiler="gcc" />
		<Build>
			<Target title="Debug">
				<Option output="bin/Debug/NOA (jogo de adivinhação)" prefix_auto="1" extension_auto="1" />
				<Option object_output="obj/Debug/" />
				<Option type="1" />
				<Option compiler="gcc" />
				<Compiler>
					<Add option="-g" />
				</Compiler>
			</Target>
			<Target title="Release">
				<Option output="bin/Release/NOA (jogo de adivinhação)" prefix_auto="1" extension_auto="1" />
				<Option object_output="obj/Release/" />
				<Option type="1" />
				<Option compiler="gcc" />
				<Compiler>
					<Add option="-O2" />
				</Compiler>
				<Linker>
					<Add option="-s" />
				</Linker>
			</Target>
		</Build>
		<Compiler>
			<Add option="-Wall" />
		</Compiler>
		<Unit filename="binario.c">
			<Option compilerVar="CC" />
		</Unit>
		<Unit filename="comparador.c">
			<Option compilerVar="CC" />
		</Unit>
		<Unit filename="debug.c">
			<Option compilerVar="CC" />
		</Unit>
		<Unit filename="fibonacci.c">
			<Option compilerVar="CC" />
		</Unit>
		<Unit filename="gerador.c">
			<Option compilerVar="CC" />
		</Unit>
		<Unit filename="interface.c">
			<Option compilerVar="CC" />
		</Unit>
		<Unit filename="main.c">
			<Option compilerVar="CC" />
		</Unit>
		<Unit filename="multiplo.c">
			<Option compilerVar="CC" />
		</Unit>
		<Unit filename="parouimpar.c">
			<Option compilerVar="CC" />
		</Unit>
		<Unit filename="seletordicas.c">
			<Option compilerVar="CC" />
		</Unit>
		<Unit filename="seletordificuldade.c">
			<Option compilerVar="CC" />
		</Unit>
		<Unit filename="sinalposneg.c">
			<Option compilerVar="CC" />
		</Unit>
		<Unit filename="somaproduto.c">
			<Option compilerVar="CC" />
		</Unit>
		<Unit filename="sons-windows.c">
			<Option compilerVar="CC" />
		</Unit>
		<Unit filename="ultimodigito.c">
			<Option compilerVar="CC" />
		</Unit>
		<Extensions />
	</Project>
</CodeBlocks_project_file>
